{
  "version": 4,
  "terraform_version": "1.13.5",
  "serial": 16,
  "lineage": "d1a6b858-e541-66fb-9247-e2ca696406c0",
  "outputs": {},
  "resources": [
    {
      "mode": "managed",
      "type": "azurerm_linux_virtual_machine",
      "name": "app",
      "provider": "provider[\"registry.terraform.io/hashicorp/azurerm\"]",
      "instances": [
        {
          "schema_version": 0,
          "attributes": {
            "additional_capabilities": [],
            "admin_password": null,
            "admin_ssh_key": [
              {
                "public_key": "ssh-rsa AAAAB3NzaC1yc2EAAAADAQABAAABAQDDmsibvWfzJcHtFscBK/HjHXJYLmVsr+Vh2YSyq6SYpyRAPnBeGyFn9wZPG8S/vyhrhQXwUl/EynqeNt4KQSpvFTNJfbDquUWlU3G8CTIYAWxSfSPO4QrdpyQbdKd88f90pZei9FDmWf+vRakGZkD2qTt+aCb9wWFL1M2M5fgI47Ku3P0Q142PvI3NMhOT+Ld3v08BKcI6hn73eCEZ5tMeLNfOy/VBwnxcIfEzyj5ZSGr+RKppgXBTzLKBgSrot+J7auAnhwZLkkRsmfdc7X+Kt/sHc8FpT7EdnuAjN02zcGyW1Lx+6oBsqfP55My2mQRogofRd/r35wizOdhOtayj terraform-aws-key",
                "username": "azureuser"
              }
            ],
            "admin_username": "azureuser",
            "allow_extension_operations": true,
            "availability_set_id": "",
            "boot_diagnostics": [],
            "bypass_platform_safety_checks_on_user_schedule_enabled": false,
            "capacity_reservation_group_id": "",
            "computer_name": "demo-app-vm",
            "custom_data": null,
            "dedicated_host_group_id": "",
            "dedicated_host_id": "",
            "disable_password_authentication": true,
            "disk_controller_type": "SCSI",
            "edge_zone": "",
            "encryption_at_host_enabled": false,
            "eviction_policy": "",
            "extensions_time_budget": "PT1H30M",
            "gallery_application": [],
            "id": "/subscriptions/6e75192b-3c3e-495b-96fa-e99992b2dd27/resourceGroups/demo-3tier-rg/providers/Microsoft.Compute/virtualMachines/demo-app-vm",
            "identity": [],
            "license_type": "",
            "location": "australiaeast",
            "max_bid_price": -1,
            "name": "demo-app-vm",
            "network_interface_ids": [
              "/subscriptions/6e75192b-3c3e-495b-96fa-e99992b2dd27/resourceGroups/demo-3tier-rg/providers/Microsoft.Network/networkInterfaces/demo-app-nic"
            ],
            "os_disk": [
              {
                "caching": "ReadWrite",
                "diff_disk_settings": [],
                "disk_encryption_set_id": "",
                "disk_size_gb": 30,
                "id": "/subscriptions/6e75192b-3c3e-495b-96fa-e99992b2dd27/resourceGroups/demo-3tier-rg/providers/Microsoft.Compute/disks/demo-app-vm_disk1_75e42fa7bcb14a6fa0e254b1422abc3f",
                "name": "demo-app-vm_disk1_75e42fa7bcb14a6fa0e254b1422abc3f",
                "secure_vm_disk_encryption_set_id": "",
                "security_encryption_type": "",
                "storage_account_type": "Standard_LRS",
                "write_accelerator_enabled": false
              }
            ],
            "os_image_notification": [],
            "os_managed_disk_id": "/subscriptions/6e75192b-3c3e-495b-96fa-e99992b2dd27/resourceGroups/demo-3tier-rg/providers/Microsoft.Compute/disks/demo-app-vm_disk1_75e42fa7bcb14a6fa0e254b1422abc3f",
            "patch_assessment_mode": "ImageDefault",
            "patch_mode": "ImageDefault",
            "plan": [],
            "platform_fault_domain": -1,
            "priority": "Regular",
            "private_ip_address": "10.0.2.4",
            "private_ip_addresses": [
              "10.0.2.4"
            ],
            "provision_vm_agent": true,
            "proximity_placement_group_id": "",
            "public_ip_address": "",
            "public_ip_addresses": [],
            "reboot_setting": "",
            "resource_group_name": "demo-3tier-rg",
            "secret": [],
            "secure_boot_enabled": false,
            "size": "Standard_B1ms",
            "source_image_id": "",
            "source_image_reference": [
              {
                "offer": "0001-com-ubuntu-server-jammy",
                "publisher": "Canonical",
                "sku": "22_04-lts-gen2",
                "version": "latest"
              }
            ],
            "tags": {},
            "termination_notification": [],
            "timeouts": null,
            "user_data": "",
            "virtual_machine_id": "cd60f53c-bd57-45c1-bb4b-a662a2e88e32",
            "virtual_machine_scale_set_id": "",
            "vm_agent_platform_updates_enabled": false,
            "vtpm_enabled": false,
            "zone": ""
          },
          "sensitive_attributes": [
            [
              {
                "type": "get_attr",
                "value": "admin_password"
              }
            ],
            [
              {
                "type": "get_attr",
                "value": "custom_data"
              }
            ]
          ],
          "identity_schema_version": 0,
          "private": "eyJlMmJmYjczMC1lY2FhLTExZTYtOGY4OC0zNDM2M2JjN2M0YzAiOnsiY3JlYXRlIjoyNzAwMDAwMDAwMDAwLCJkZWxldGUiOjI3MDAwMDAwMDAwMDAsInJlYWQiOjMwMDAwMDAwMDAwMCwidXBkYXRlIjoyNzAwMDAwMDAwMDAwfX0=",
          "dependencies": [
            "azurerm_network_interface.app_nic",
            "azurerm_resource_group.rg",
            "azurerm_subnet.app",
            "azurerm_virtual_network.vnet"
          ]
        }
      ]
    },
    {
      "mode": "managed",
      "type": "azurerm_linux_virtual_machine",
      "name": "web",
      "provider": "provider[\"registry.terraform.io/hashicorp/azurerm\"]",
      "instances": [
        {
          "schema_version": 0,
          "attributes": {
            "additional_capabilities": [],
            "admin_password": null,
            "admin_ssh_key": [
              {
                "public_key": "ssh-rsa AAAAB3NzaC1yc2EAAAADAQABAAABAQDDmsibvWfzJcHtFscBK/HjHXJYLmVsr+Vh2YSyq6SYpyRAPnBeGyFn9wZPG8S/vyhrhQXwUl/EynqeNt4KQSpvFTNJfbDquUWlU3G8CTIYAWxSfSPO4QrdpyQbdKd88f90pZei9FDmWf+vRakGZkD2qTt+aCb9wWFL1M2M5fgI47Ku3P0Q142PvI3NMhOT+Ld3v08BKcI6hn73eCEZ5tMeLNfOy/VBwnxcIfEzyj5ZSGr+RKppgXBTzLKBgSrot+J7auAnhwZLkkRsmfdc7X+Kt/sHc8FpT7EdnuAjN02zcGyW1Lx+6oBsqfP55My2mQRogofRd/r35wizOdhOtayj terraform-aws-key",
                "username": "azureuser"
              }
            ],
            "admin_username": "azureuser",
            "allow_extension_operations": true,
            "availability_set_id": "",
            "boot_diagnostics": [],
            "bypass_platform_safety_checks_on_user_schedule_enabled": false,
            "capacity_reservation_group_id": "",
            "computer_name": "demo-web-vm",
            "custom_data": null,
            "dedicated_host_group_id": "",
            "dedicated_host_id": "",
            "disable_password_authentication": true,
            "disk_controller_type": "SCSI",
            "edge_zone": "",
            "encryption_at_host_enabled": false,
            "eviction_policy": "",
            "extensions_time_budget": "PT1H30M",
            "gallery_application": [],
            "id": "/subscriptions/6e75192b-3c3e-495b-96fa-e99992b2dd27/resourceGroups/demo-3tier-rg/providers/Microsoft.Compute/virtualMachines/demo-web-vm",
            "identity": [],
            "license_type": "",
            "location": "australiaeast",
            "max_bid_price": -1,
            "name": "demo-web-vm",
            "network_interface_ids": [
              "/subscriptions/6e75192b-3c3e-495b-96fa-e99992b2dd27/resourceGroups/demo-3tier-rg/providers/Microsoft.Network/networkInterfaces/demo-web-nic"
            ],
            "os_disk": [
              {
                "caching": "ReadWrite",
                "diff_disk_settings": [],
                "disk_encryption_set_id": "",
                "disk_size_gb": 30,
                "id": "/subscriptions/6e75192b-3c3e-495b-96fa-e99992b2dd27/resourceGroups/demo-3tier-rg/providers/Microsoft.Compute/disks/demo-web-vm_disk1_8d890f7086934e7c88b530f204ee9870",
                "name": "demo-web-vm_disk1_8d890f7086934e7c88b530f204ee9870",
                "secure_vm_disk_encryption_set_id": "",
                "security_encryption_type": "",
                "storage_account_type": "Standard_LRS",
                "write_accelerator_enabled": false
              }
            ],
            "os_image_notification": [],
            "os_managed_disk_id": "/subscriptions/6e75192b-3c3e-495b-96fa-e99992b2dd27/resourceGroups/demo-3tier-rg/providers/Microsoft.Compute/disks/demo-web-vm_disk1_8d890f7086934e7c88b530f204ee9870",
            "patch_assessment_mode": "ImageDefault",
            "patch_mode": "ImageDefault",
            "plan": [],
            "platform_fault_domain": -1,
            "priority": "Regular",
            "private_ip_address": "10.0.1.4",
            "private_ip_addresses": [
              "10.0.1.4"
            ],
            "provision_vm_agent": true,
            "proximity_placement_group_id": "",
            "public_ip_address": "4.197.212.175",
            "public_ip_addresses": [
              "4.197.212.175"
            ],
            "reboot_setting": "",
            "resource_group_name": "demo-3tier-rg",
            "secret": [],
            "secure_boot_enabled": false,
            "size": "Standard_B1ms",
            "source_image_id": "",
            "source_image_reference": [
              {
                "offer": "0001-com-ubuntu-server-jammy",
                "publisher": "Canonical",
                "sku": "22_04-lts-gen2",
                "version": "latest"
              }
            ],
            "tags": {},
            "termination_notification": [],
            "timeouts": null,
            "user_data": "",
            "virtual_machine_id": "3234c701-b1e2-4ba3-9bfa-beab86a043df",
            "virtual_machine_scale_set_id": "",
            "vm_agent_platform_updates_enabled": false,
            "vtpm_enabled": false,
            "zone": ""
          },
          "sensitive_attributes": [
            [
              {
                "type": "get_attr",
                "value": "admin_password"
              }
            ],
            [
              {
                "type": "get_attr",
                "value": "custom_data"
              }
            ]
          ],
          "identity_schema_version": 0,
          "private": "eyJlMmJmYjczMC1lY2FhLTExZTYtOGY4OC0zNDM2M2JjN2M0YzAiOnsiY3JlYXRlIjoyNzAwMDAwMDAwMDAwLCJkZWxldGUiOjI3MDAwMDAwMDAwMDAsInJlYWQiOjMwMDAwMDAwMDAwMCwidXBkYXRlIjoyNzAwMDAwMDAwMDAwfX0=",
          "dependencies": [
            "azurerm_network_interface.web_nic",
            "azurerm_public_ip.web_pip",
            "azurerm_resource_group.rg",
            "azurerm_subnet.web",
            "azurerm_virtual_network.vnet"
          ]
        }
      ]
    },
    {
      "mode": "managed",
      "type": "azurerm_network_interface",
      "name": "app_nic",
      "provider": "provider[\"registry.terraform.io/hashicorp/azurerm\"]",
      "instances": [
        {
          "schema_version": 0,
          "attributes": {
            "accelerated_networking_enabled": false,
            "applied_dns_servers": [],
            "auxiliary_mode": "",
            "auxiliary_sku": "",
            "dns_servers": [],
            "edge_zone": "",
            "id": "/subscriptions/6e75192b-3c3e-495b-96fa-e99992b2dd27/resourceGroups/demo-3tier-rg/providers/Microsoft.Network/networkInterfaces/demo-app-nic",
            "internal_dns_name_label": "",
            "internal_domain_name_suffix": "azk00xjolxnevorwoakq4tvisd.px.internal.cloudapp.net",
            "ip_configuration": [
              {
                "gateway_load_balancer_frontend_ip_configuration_id": "",
                "name": "internal",
                "primary": true,
                "private_ip_address": "10.0.2.4",
                "private_ip_address_allocation": "Dynamic",
                "private_ip_address_version": "IPv4",
                "public_ip_address_id": "",
                "subnet_id": "/subscriptions/6e75192b-3c3e-495b-96fa-e99992b2dd27/resourceGroups/demo-3tier-rg/providers/Microsoft.Network/virtualNetworks/demo-vnet/subnets/demo-app-subnet"
              }
            ],
            "ip_forwarding_enabled": false,
            "location": "australiaeast",
            "mac_address": "60-45-BD-C4-AD-74",
            "name": "demo-app-nic",
            "private_ip_address": "10.0.2.4",
            "private_ip_addresses": [
              "10.0.2.4"
            ],
            "resource_group_name": "demo-3tier-rg",
            "tags": {},
            "timeouts": null,
            "virtual_machine_id": "/subscriptions/6e75192b-3c3e-495b-96fa-e99992b2dd27/resourceGroups/demo-3tier-rg/providers/Microsoft.Compute/virtualMachines/demo-app-vm"
          },
          "sensitive_attributes": [],
          "identity_schema_version": 0,
          "identity": {
            "name": "demo-app-nic",
            "resource_group_name": "demo-3tier-rg",
            "subscription_id": "6e75192b-3c3e-495b-96fa-e99992b2dd27"
          },
          "private": "eyJlMmJmYjczMC1lY2FhLTExZTYtOGY4OC0zNDM2M2JjN2M0YzAiOnsiY3JlYXRlIjoxODAwMDAwMDAwMDAwLCJkZWxldGUiOjE4MDAwMDAwMDAwMDAsInJlYWQiOjMwMDAwMDAwMDAwMCwidXBkYXRlIjoxODAwMDAwMDAwMDAwfX0=",
          "dependencies": [
            "azurerm_resource_group.rg",
            "azurerm_subnet.app",
            "azurerm_virtual_network.vnet"
          ]
        }
      ]
    },
    {
      "mode": "managed",
      "type": "azurerm_network_interface",
      "name": "web_nic",
      "provider": "provider[\"registry.terraform.io/hashicorp/azurerm\"]",
      "instances": [
        {
          "schema_version": 0,
          "attributes": {
            "accelerated_networking_enabled": false,
            "applied_dns_servers": [],
            "auxiliary_mode": "",
            "auxiliary_sku": "",
            "dns_servers": [],
            "edge_zone": "",
            "id": "/subscriptions/6e75192b-3c3e-495b-96fa-e99992b2dd27/resourceGroups/demo-3tier-rg/providers/Microsoft.Network/networkInterfaces/demo-web-nic",
            "internal_dns_name_label": "",
            "internal_domain_name_suffix": "azk00xjolxnevorwoakq4tvisd.px.internal.cloudapp.net",
            "ip_configuration": [
              {
                "gateway_load_balancer_frontend_ip_configuration_id": "",
                "name": "internal",
                "primary": true,
                "private_ip_address": "10.0.1.4",
                "private_ip_address_allocation": "Dynamic",
                "private_ip_address_version": "IPv4",
                "public_ip_address_id": "/subscriptions/6e75192b-3c3e-495b-96fa-e99992b2dd27/resourceGroups/demo-3tier-rg/providers/Microsoft.Network/publicIPAddresses/demo-web-pip",
                "subnet_id": "/subscriptions/6e75192b-3c3e-495b-96fa-e99992b2dd27/resourceGroups/demo-3tier-rg/providers/Microsoft.Network/virtualNetworks/demo-vnet/subnets/demo-web-subnet"
              }
            ],
            "ip_forwarding_enabled": false,
            "location": "australiaeast",
            "mac_address": "60-45-BD-C4-72-C0",
            "name": "demo-web-nic",
            "private_ip_address": "10.0.1.4",
            "private_ip_addresses": [
              "10.0.1.4"
            ],
            "resource_group_name": "demo-3tier-rg",
            "tags": {},
            "timeouts": null,
            "virtual_machine_id": "/subscriptions/6e75192b-3c3e-495b-96fa-e99992b2dd27/resourceGroups/demo-3tier-rg/providers/Microsoft.Compute/virtualMachines/demo-web-vm"
          },
          "sensitive_attributes": [],
          "identity_schema_version": 0,
          "identity": {
            "name": "demo-web-nic",
            "resource_group_name": "demo-3tier-rg",
            "subscription_id": "6e75192b-3c3e-495b-96fa-e99992b2dd27"
          },
          "private": "eyJlMmJmYjczMC1lY2FhLTExZTYtOGY4OC0zNDM2M2JjN2M0YzAiOnsiY3JlYXRlIjoxODAwMDAwMDAwMDAwLCJkZWxldGUiOjE4MDAwMDAwMDAwMDAsInJlYWQiOjMwMDAwMDAwMDAwMCwidXBkYXRlIjoxODAwMDAwMDAwMDAwfX0=",
          "dependencies": [
            "azurerm_public_ip.web_pip",
            "azurerm_resource_group.rg",
            "azurerm_subnet.web",
            "azurerm_virtual_network.vnet"
          ]
        }
      ]
    },
    {
      "mode": "managed",
      "type": "azurerm_network_security_group",
      "name": "web_nsg",
      "provider": "provider[\"registry.terraform.io/hashicorp/azurerm\"]",
      "instances": [
        {
          "schema_version": 0,
          "attributes": {
            "id": "/subscriptions/6e75192b-3c3e-495b-96fa-e99992b2dd27/resourceGroups/demo-3tier-rg/providers/Microsoft.Network/networkSecurityGroups/demo-web-nsg",
            "location": "australiaeast",
            "name": "demo-web-nsg",
            "resource_group_name": "demo-3tier-rg",
            "security_rule": [
              {
                "access": "Allow",
                "description": "",
                "destination_address_prefix": "*",
                "destination_address_prefixes": [],
                "destination_application_security_group_ids": [],
                "destination_port_range": "22",
                "destination_port_ranges": [],
                "direction": "Inbound",
                "name": "AllowSSH",
                "priority": 100,
                "protocol": "Tcp",
                "source_address_prefix": "*",
                "source_address_prefixes": [],
                "source_application_security_group_ids": [],
                "source_port_range": "*",
                "source_port_ranges": []
              },
              {
                "access": "Allow",
                "description": "",
                "destination_address_prefix": "*",
                "destination_address_prefixes": [],
                "destination_application_security_group_ids": [],
                "destination_port_range": "80",
                "destination_port_ranges": [],
                "direction": "Inbound",
                "name": "AllowHTTP",
                "priority": 110,
                "protocol": "Tcp",
                "source_address_prefix": "*",
                "source_address_prefixes": [],
                "source_application_security_group_ids": [],
                "source_port_range": "*",
                "source_port_ranges": []
              }
            ],
            "tags": {},
            "timeouts": null
          },
          "sensitive_attributes": [],
          "identity_schema_version": 0,
          "identity": {
            "name": "demo-web-nsg",
            "resource_group_name": "demo-3tier-rg",
            "subscription_id": "6e75192b-3c3e-495b-96fa-e99992b2dd27"
          },
          "private": "eyJlMmJmYjczMC1lY2FhLTExZTYtOGY4OC0zNDM2M2JjN2M0YzAiOnsiY3JlYXRlIjoxODAwMDAwMDAwMDAwLCJkZWxldGUiOjE4MDAwMDAwMDAwMDAsInJlYWQiOjMwMDAwMDAwMDAwMCwidXBkYXRlIjoxODAwMDAwMDAwMDAwfX0=",
          "dependencies": [
            "azurerm_resource_group.rg"
          ]
        }
      ]
    },
    {
      "mode": "managed",
      "type": "azurerm_public_ip",
      "name": "web_pip",
      "provider": "provider[\"registry.terraform.io/hashicorp/azurerm\"]",
      "instances": [
        {
          "schema_version": 0,
          "attributes": {
            "allocation_method": "Static",
            "ddos_protection_mode": "VirtualNetworkInherited",
            "ddos_protection_plan_id": null,
            "domain_name_label": null,
            "domain_name_label_scope": null,
            "edge_zone": "",
            "fqdn": null,
            "id": "/subscriptions/6e75192b-3c3e-495b-96fa-e99992b2dd27/resourceGroups/demo-3tier-rg/providers/Microsoft.Network/publicIPAddresses/demo-web-pip",
            "idle_timeout_in_minutes": 4,
            "ip_address": "4.197.212.175",
            "ip_tags": {},
            "ip_version": "IPv4",
            "location": "australiaeast",
            "name": "demo-web-pip",
            "public_ip_prefix_id": null,
            "resource_group_name": "demo-3tier-rg",
            "reverse_fqdn": null,
            "sku": "Standard",
            "sku_tier": "Regional",
            "tags": {},
            "timeouts": null,
            "zones": []
          },
          "sensitive_attributes": [],
          "identity_schema_version": 0,
          "private": "eyJlMmJmYjczMC1lY2FhLTExZTYtOGY4OC0zNDM2M2JjN2M0YzAiOnsiY3JlYXRlIjoxODAwMDAwMDAwMDAwLCJkZWxldGUiOjE4MDAwMDAwMDAwMDAsInJlYWQiOjMwMDAwMDAwMDAwMCwidXBkYXRlIjoxODAwMDAwMDAwMDAwfX0=",
          "dependencies": [
            "azurerm_resource_group.rg"
          ]
        }
      ]
    },
    {
      "mode": "managed",
      "type": "azurerm_resource_group",
      "name": "rg",
      "provider": "provider[\"registry.terraform.io/hashicorp/azurerm\"]",
      "instances": [
        {
          "schema_version": 0,
          "attributes": {
            "id": "/subscriptions/6e75192b-3c3e-495b-96fa-e99992b2dd27/resourceGroups/demo-3tier-rg",
            "location": "australiaeast",
            "managed_by": "",
            "name": "demo-3tier-rg",
            "tags": {},
            "timeouts": null
          },
          "sensitive_attributes": [],
          "identity_schema_version": 0,
          "private": "eyJlMmJmYjczMC1lY2FhLTExZTYtOGY4OC0zNDM2M2JjN2M0YzAiOnsiY3JlYXRlIjo1NDAwMDAwMDAwMDAwLCJkZWxldGUiOjU0MDAwMDAwMDAwMDAsInJlYWQiOjMwMDAwMDAwMDAwMCwidXBkYXRlIjo1NDAwMDAwMDAwMDAwfX0="
        }
      ]
    },
    {
      "mode": "managed",
      "type": "azurerm_subnet",
      "name": "app",
      "provider": "provider[\"registry.terraform.io/hashicorp/azurerm\"]",
      "instances": [
        {
          "schema_version": 0,
          "attributes": {
            "address_prefixes": [
              "10.0.2.0/24"
            ],
            "default_outbound_access_enabled": true,
            "delegation": [],
            "id": "/subscriptions/6e75192b-3c3e-495b-96fa-e99992b2dd27/resourceGroups/demo-3tier-rg/providers/Microsoft.Network/virtualNetworks/demo-vnet/subnets/demo-app-subnet",
            "ip_address_pool": [],
            "name": "demo-app-subnet",
            "private_endpoint_network_policies": "Disabled",
            "private_link_service_network_policies_enabled": true,
            "resource_group_name": "demo-3tier-rg",
            "service_endpoint_policy_ids": [],
            "service_endpoints": [],
            "sharing_scope": "",
            "timeouts": null,
            "virtual_network_name": "demo-vnet"
          },
          "sensitive_attributes": [],
          "identity_schema_version": 0,
          "identity": {
            "name": "demo-app-subnet",
            "resource_group_name": "demo-3tier-rg",
            "subscription_id": "6e75192b-3c3e-495b-96fa-e99992b2dd27",
            "virtual_network_name": "demo-vnet"
          },
          "private": "eyJlMmJmYjczMC1lY2FhLTExZTYtOGY4OC0zNDM2M2JjN2M0YzAiOnsiY3JlYXRlIjoxODAwMDAwMDAwMDAwLCJkZWxldGUiOjE4MDAwMDAwMDAwMDAsInJlYWQiOjMwMDAwMDAwMDAwMCwidXBkYXRlIjoxODAwMDAwMDAwMDAwfX0=",
          "dependencies": [
            "azurerm_resource_group.rg",
            "azurerm_virtual_network.vnet"
          ]
        }
      ]
    },
    {
      "mode": "managed",
      "type": "azurerm_subnet",
      "name": "db",
      "provider": "provider[\"registry.terraform.io/hashicorp/azurerm\"]",
      "instances": [
        {
          "schema_version": 0,
          "attributes": {
            "address_prefixes": [
              "10.0.3.0/24"
            ],
            "default_outbound_access_enabled": true,
            "delegation": [],
            "id": "/subscriptions/6e75192b-3c3e-495b-96fa-e99992b2dd27/resourceGroups/demo-3tier-rg/providers/Microsoft.Network/virtualNetworks/demo-vnet/subnets/demo-db-subnet",
            "ip_address_pool": [],
            "name": "demo-db-subnet",
            "private_endpoint_network_policies": "Disabled",
            "private_link_service_network_policies_enabled": true,
            "resource_group_name": "demo-3tier-rg",
            "service_endpoint_policy_ids": [],
            "service_endpoints": [],
            "sharing_scope": "",
            "timeouts": null,
            "virtual_network_name": "demo-vnet"
          },
          "sensitive_attributes": [],
          "identity_schema_version": 0,
          "identity": {
            "name": "demo-db-subnet",
            "resource_group_name": "demo-3tier-rg",
            "subscription_id": "6e75192b-3c3e-495b-96fa-e99992b2dd27",
            "virtual_network_name": "demo-vnet"
          },
          "private": "eyJlMmJmYjczMC1lY2FhLTExZTYtOGY4OC0zNDM2M2JjN2M0YzAiOnsiY3JlYXRlIjoxODAwMDAwMDAwMDAwLCJkZWxldGUiOjE4MDAwMDAwMDAwMDAsInJlYWQiOjMwMDAwMDAwMDAwMCwidXBkYXRlIjoxODAwMDAwMDAwMDAwfX0=",
          "dependencies": [
            "azurerm_resource_group.rg",
            "azurerm_virtual_network.vnet"
          ]
        }
      ]
    },
    {
      "mode": "managed",
      "type": "azurerm_subnet",
      "name": "web",
      "provider": "provider[\"registry.terraform.io/hashicorp/azurerm\"]",
      "instances": [
        {
          "schema_version": 0,
          "attributes": {
            "address_prefixes": [
              "10.0.1.0/24"
            ],
            "default_outbound_access_enabled": true,
            "delegation": [],
            "id": "/subscriptions/6e75192b-3c3e-495b-96fa-e99992b2dd27/resourceGroups/demo-3tier-rg/providers/Microsoft.Network/virtualNetworks/demo-vnet/subnets/demo-web-subnet",
            "ip_address_pool": [],
            "name": "demo-web-subnet",
            "private_endpoint_network_policies": "Disabled",
            "private_link_service_network_policies_enabled": true,
            "resource_group_name": "demo-3tier-rg",
            "service_endpoint_policy_ids": [],
            "service_endpoints": [],
            "sharing_scope": "",
            "timeouts": null,
            "virtual_network_name": "demo-vnet"
          },
          "sensitive_attributes": [],
          "identity_schema_version": 0,
          "identity": {
            "name": "demo-web-subnet",
            "resource_group_name": "demo-3tier-rg",
            "subscription_id": "6e75192b-3c3e-495b-96fa-e99992b2dd27",
            "virtual_network_name": "demo-vnet"
          },
          "private": "eyJlMmJmYjczMC1lY2FhLTExZTYtOGY4OC0zNDM2M2JjN2M0YzAiOnsiY3JlYXRlIjoxODAwMDAwMDAwMDAwLCJkZWxldGUiOjE4MDAwMDAwMDAwMDAsInJlYWQiOjMwMDAwMDAwMDAwMCwidXBkYXRlIjoxODAwMDAwMDAwMDAwfX0=",
          "dependencies": [
            "azurerm_resource_group.rg",
            "azurerm_virtual_network.vnet"
          ]
        }
      ]
    },
    {
      "mode": "managed",
      "type": "azurerm_subnet_network_security_group_association",
      "name": "web_nsg_assoc",
      "provider": "provider[\"registry.terraform.io/hashicorp/azurerm\"]",
      "instances": [
        {
          "schema_version": 0,
          "attributes": {
            "id": "/subscriptions/6e75192b-3c3e-495b-96fa-e99992b2dd27/resourceGroups/demo-3tier-rg/providers/Microsoft.Network/virtualNetworks/demo-vnet/subnets/demo-web-subnet",
            "network_security_group_id": "/subscriptions/6e75192b-3c3e-495b-96fa-e99992b2dd27/resourceGroups/demo-3tier-rg/providers/Microsoft.Network/networkSecurityGroups/demo-web-nsg",
            "subnet_id": "/subscriptions/6e75192b-3c3e-495b-96fa-e99992b2dd27/resourceGroups/demo-3tier-rg/providers/Microsoft.Network/virtualNetworks/demo-vnet/subnets/demo-web-subnet",
            "timeouts": null
          },
          "sensitive_attributes": [],
          "identity_schema_version": 0,
          "private": "eyJlMmJmYjczMC1lY2FhLTExZTYtOGY4OC0zNDM2M2JjN2M0YzAiOnsiY3JlYXRlIjoxODAwMDAwMDAwMDAwLCJkZWxldGUiOjE4MDAwMDAwMDAwMDAsInJlYWQiOjMwMDAwMDAwMDAwMH19",
          "dependencies": [
            "azurerm_network_security_group.web_nsg",
            "azurerm_resource_group.rg",
            "azurerm_subnet.web",
            "azurerm_virtual_network.vnet"
          ]
        }
      ]
    },
    {
      "mode": "managed",
      "type": "azurerm_virtual_network",
      "name": "vnet",
      "provider": "provider[\"registry.terraform.io/hashicorp/azurerm\"]",
      "instances": [
        {
          "schema_version": 0,
          "attributes": {
            "address_space": [
              "10.0.0.0/16"
            ],
            "bgp_community": "",
            "ddos_protection_plan": [],
            "dns_servers": [],
            "edge_zone": "",
            "encryption": [],
            "flow_timeout_in_minutes": 0,
            "guid": "5dad5506-5d2e-4ada-ba36-70150f4ea893",
            "id": "/subscriptions/6e75192b-3c3e-495b-96fa-e99992b2dd27/resourceGroups/demo-3tier-rg/providers/Microsoft.Network/virtualNetworks/demo-vnet",
            "ip_address_pool": [],
            "location": "australiaeast",
            "name": "demo-vnet",
            "private_endpoint_vnet_policies": "Disabled",
            "resource_group_name": "demo-3tier-rg",
            "subnet": [
              {
                "address_prefixes": [
                  "10.0.1.0/24"
                ],
                "default_outbound_access_enabled": true,
                "delegation": [],
                "id": "/subscriptions/6e75192b-3c3e-495b-96fa-e99992b2dd27/resourceGroups/demo-3tier-rg/providers/Microsoft.Network/virtualNetworks/demo-vnet/subnets/demo-web-subnet",
                "name": "demo-web-subnet",
                "private_endpoint_network_policies": "Disabled",
                "private_link_service_network_policies_enabled": true,
                "route_table_id": "",
                "security_group": "/subscriptions/6e75192b-3c3e-495b-96fa-e99992b2dd27/resourceGroups/demo-3tier-rg/providers/Microsoft.Network/networkSecurityGroups/demo-web-nsg",
                "service_endpoint_policy_ids": [],
                "service_endpoints": []
              },
              {
                "address_prefixes": [
                  "10.0.2.0/24"
                ],
                "default_outbound_access_enabled": true,
                "delegation": [],
                "id": "/subscriptions/6e75192b-3c3e-495b-96fa-e99992b2dd27/resourceGroups/demo-3tier-rg/providers/Microsoft.Network/virtualNetworks/demo-vnet/subnets/demo-app-subnet",
                "name": "demo-app-subnet",
                "private_endpoint_network_policies": "Disabled",
                "private_link_service_network_policies_enabled": true,
                "route_table_id": "",
                "security_group": "",
                "service_endpoint_policy_ids": [],
                "service_endpoints": []
              },
              {
                "address_prefixes": [
                  "10.0.3.0/24"
                ],
                "default_outbound_access_enabled": true,
                "delegation": [],
                "id": "/subscriptions/6e75192b-3c3e-495b-96fa-e99992b2dd27/resourceGroups/demo-3tier-rg/providers/Microsoft.Network/virtualNetworks/demo-vnet/subnets/demo-db-subnet",
                "name": "demo-db-subnet",
                "private_endpoint_network_policies": "Disabled",
                "private_link_service_network_policies_enabled": true,
                "route_table_id": "",
                "security_group": "",
                "service_endpoint_policy_ids": [],
                "service_endpoints": []
              }
            ],
            "tags": {},
            "timeouts": null
          },
          "sensitive_attributes": [],
          "identity_schema_version": 0,
          "identity": {
            "name": "demo-vnet",
            "resource_group_name": "demo-3tier-rg",
            "subscription_id": "6e75192b-3c3e-495b-96fa-e99992b2dd27"
          },
          "private": "eyJlMmJmYjczMC1lY2FhLTExZTYtOGY4OC0zNDM2M2JjN2M0YzAiOnsiY3JlYXRlIjoxODAwMDAwMDAwMDAwLCJkZWxldGUiOjE4MDAwMDAwMDAwMDAsInJlYWQiOjMwMDAwMDAwMDAwMCwidXBkYXRlIjoxODAwMDAwMDAwMDAwfX0=",
          "dependencies": [
            "azurerm_resource_group.rg"
          ]
        }
      ]
    }
  ],
  "check_results": null
}
